// !$*UTF8*$!
{
	archiveVersion = 1;
	classes = {
	};
	objectVersion = 50;
	objects = {

/* Begin PBXBuildFile section */
		FF4E818523BC9A9A0080A2CC /* AppDelegate.swift in Sources */ = {isa = PBXBuildFile; fileRef = FF4E818423BC9A9A0080A2CC /* AppDelegate.swift */; };
		FF4E818723BC9A9A0080A2CC /* SceneDelegate.swift in Sources */ = {isa = PBXBuildFile; fileRef = FF4E818623BC9A9A0080A2CC /* SceneDelegate.swift */; };
		FF4E818923BC9A9A0080A2CC /* ViewController.swift in Sources */ = {isa = PBXBuildFile; fileRef = FF4E818823BC9A9A0080A2CC /* ViewController.swift */; };
		FF4E818C23BC9A9A0080A2CC /* Main.storyboard in Resources */ = {isa = PBXBuildFile; fileRef = FF4E818A23BC9A9A0080A2CC /* Main.storyboard */; };
		FF4E818E23BC9A9A0080A2CC /* Assets.xcassets in Resources */ = {isa = PBXBuildFile; fileRef = FF4E818D23BC9A9A0080A2CC /* Assets.xcassets */; };
		FF4E819123BC9A9A0080A2CC /* LaunchScreen.storyboard in Resources */ = {isa = PBXBuildFile; fileRef = FF4E818F23BC9A9A0080A2CC /* LaunchScreen.storyboard */; };
		FF55940B23BDCCAE007373EC /* SideMenuViewController.swift in Sources */ = {isa = PBXBuildFile; fileRef = FF55940A23BDCCAE007373EC /* SideMenuViewController.swift */; };
/* End PBXBuildFile section */

/* Begin PBXFileReference section */
		FF4E818123BC9A990080A2CC /* Side Menu.app */ = {isa = PBXFileReference; explicitFileType = wrapper.application; includeInIndex = 0; path = "Side Menu.app"; sourceTree = BUILT_PRODUCTS_DIR; };
		FF4E818423BC9A9A0080A2CC /* AppDelegate.swift */ = {isa = PBXFileReference; lastKnownFileType = sourcecode.swift; path = AppDelegate.swift; sourceTree = "<group>"; };
		FF4E818623BC9A9A0080A2CC /* SceneDelegate.swift */ = {isa = PBXFileReference; lastKnownFileType = sourcecode.swift; path = SceneDelegate.swift; sourceTree = "<group>"; };
		FF4E818823BC9A9A0080A2CC /* ViewController.swift */ = {isa = PBXFileReference; lastKnownFileType = sourcecode.swift; path = ViewController.swift; sourceTree = "<group>"; };
		FF4E818B23BC9A9A0080A2CC /* Base */ = {isa = PBXFileReference; lastKnownFileType = file.storyboard; name = Base; path = Base.lproj/Main.storyboard; sourceTree = "<group>"; };
		FF4E818D23BC9A9A0080A2CC /* Assets.xcassets */ = {isa = PBXFileReference; lastKnownFileType = folder.assetcatalog; path = Assets.xcassets; sourceTree = "<group>"; };
		FF4E819023BC9A9A0080A2CC /* Base */ = {isa = PBXFileReference; lastKnownFileType = file.storyboard; name = Base; path = Base.lproj/LaunchScreen.storyboard; sourceTree = "<group>"; };
		FF4E819223BC9A9A0080A2CC /* Info.plist */ = {isa = PBXFileReference; lastKnownFileType = text.plist.xml; path = Info.plist; sourceTree = "<group>"; };
		FF55940A23BDCCAE007373EC /* SideMenuViewController.swift */ = {isa = PBXFileReference; lastKnownFileType = sourcecode.swift; path = SideMenuViewController.swift; sourceTree = "<group>"; };
/* End PBXFileReference section */

/* Begin PBXFrameworksBuildPhase section */
		FF4E817E23BC9A990080A2CC /* Frameworks */ = {
			isa = PBXFrameworksBuildPhase;
			buildActionMask = 2147483647;
			files = (
			);
			runOnlyForDeploymentPostprocessing = 0;
		};
/* End PBXFrameworksBuildPhase section */

/* Begin PBXGroup section */
		FF4E817823BC9A990080A2CC = {
			isa = PBXGroup;
			children = (
				FF4E818323BC9A9A0080A2CC /* Side Menu */,
				FF4E818223BC9A990080A2CC /* Products */,
			);
			sourceTree = "<group>";
		};
		FF4E818223BC9A990080A2CC /* Products */ = {
			isa = PBXGroup;
			children = (
				FF4E818123BC9A990080A2CC /* Side Menu.app */,
			);
			name = Products;
			sourceTree = "<group>";
		};
		FF4E818323BC9A9A0080A2CC /* Side Menu */ = {
			isa = PBXGroup;
			children = (
				FF4E818423BC9A9A0080A2CC /* AppDelegate.swift */,
				FF4E818623BC9A9A0080A2CC /* SceneDelegate.swift */,
				FF4E818823BC9A9A0080A2CC /* ViewController.swift */,
				FF55940A23BDCCAE007373EC /* SideMenuViewController.swift */,
				FF4E818A23BC9A9A0080A2CC /* Main.storyboard */,
				FF4E818D23BC9A9A0080A2CC /* Assets.xcassets */,
				FF4E818F23BC9A9A0080A2CC /* LaunchScreen.storyboard */,
				FF4E819223BC9A9A0080A2CC /* Info.plist */,
			);
			path = "Side Menu";
			sourceTree = "<group>";
		};
/* End PBXGroup section */

/* Begin PBXNativeTarget section */
		FF4E818023BC9A990080A2CC /* Side Menu */ = {
			isa = PBXNativeTarget;
			buildConfigurationList = FF4E819523BC9A9A0080A2CC /* Build configuration list for PBXNativeTarget "Side Menu" */;
			buildPhases = (
				FF4E817D23BC9A990080A2CC /* Sources */,
				FF4E817E23BC9A990080A2CC /* Frameworks */,
				FF4E817F23BC9A990080A2CC /* Resources */,
			);
			buildRules = (
			);
			dependencies = (
			);
			name = "Side Menu";
			productName = "Side Menu";
			productReference = FF4E818123BC9A990080A2CC /* Side Menu.app */;
			productType = "com.apple.product-type.application";
		};
/* End PBXNativeTarget section */

/* Begin PBXProject section */
		FF4E817923BC9A990080A2CC /* Project object */ = {
			isa = PBXProject;
			attributes = {
				LastSwiftUpdateCheck = 1130;
				LastUpgradeCheck = 1130;
				ORGANIZATIONNAME = "Fahim Rahman";
				TargetAttributes = {
					FF4E818023BC9A990080A2CC = {
						CreatedOnToolsVersion = 11.3;
					};
				};
			};
			buildConfigurationList = FF4E817C23BC9A990080A2CC /* Build configuration list for PBXProject "Side Menu" */;
			compatibilityVersion = "Xcode 9.3";
			developmentRegion = en;
			hasScannedForEncodings = 0;
			knownRegions = (
				en,
				Base,
			);
			mainGroup = FF4E817823BC9A990080A2CC;
			productRefGroup = FF4E818223BC9A990080A2CC /* Products */;
			projectDirPath = "";
			projectRoot = "";
			targets = (
				FF4E818023BC9A990080A2CC /* Side Menu */,
			);
		};
/* End PBXProject section */

/* Begin PBXResourcesBuildPhase section */
		FF4E817F23BC9A990080A2CC /* Resources */ = {
			isa = PBXResourcesBuildPhase;
			buildActionMask = 2147483647;
			files = (
				FF4E819123BC9A9A0080A2CC /* LaunchScreen.storyboard in Resources */,
				FF4E818E23BC9A9A0080A2CC /* Assets.xcassets in Resources */,
				FF4E818C23BC9A9A0080A2CC /* Main.storyboard in Resources */,
			);
			runOnlyForDeploymentPostprocessing = 0;
		};
/* End PBXResourcesBuildPhase section */

/* Begin PBXSourcesBuildPhase section */
		FF4E817D23BC9A990080A2CC /* Sources */ = {
			isa = PBXSourcesBuildPhase;
			buildActionMask = 2147483647;
			files = (
				FF55940B23BDCCAE007373EC /* SideMenuViewController.swift in Sources */,
				FF4E818923BC9A9A0080A2CC /* ViewController.swift in Sources */,
				FF4E818523BC9A9A0080A2CC /* AppDelegate.swift in Sources */,
				FF4E818723BC9A9A0080A2CC /* SceneDelegate.swift in Sources */,
			);
			runOnlyForDeploymentPostprocessing = 0;
		};
/* End PBXSourcesBuildPhase section */

/* Begin PBXVariantGroup section */
		FF4E818A23BC9A9A0080A2CC /* Main.storyboard */ = {
			isa = PBXVariantGroup;
			children = (
				FF4E818B23BC9A9A0080A2CC /* Base */,
			);
			name = Main.storyboard;
			sourceTree = "<group>";
		};
		FF4E818F23BC9A9A0080A2CC /* LaunchScreen.storyboard */ = {
			isa = PBXVariantGroup;
			children = (
				FF4E819023BC9A9A0080A2CC /* Base */,
			);
			name = LaunchScreen.storyboard;
			sourceTree = "<group>";
		};
/* End PBXVariantGroup section */

/* Begin XCBuildConfiguration section */
		FF4E819323BC9A9A0080A2CC /* Debug */ = {
			isa = XCBuildConfiguration;
			buildSettings = {
				ALWAYS_SEARCH_USER_PATHS = NO;
				CLANG_ANALYZER_NONNULL = YES;
				CLANG_ANALYZER_NUMBER_OBJECT_CONVERSION = YES_AGGRESSIVE;
				CLANG_CXX_LANGUAGE_STANDARD = "gnu++14";
				CLANG_CXX_LIBRARY = "libc++";
				CLANG_ENABLE_MODULES = YES;
				CLANG_ENABLE_OBJC_ARC = YES;
				CLANG_ENABLE_OBJC_WEAK = YES;
				CLANG_WARN_BLOCK_CAPTURE_AUTORELEASING = YES;
				CLANG_WARN_BOOL_CONVERSION = YES;
				CLANG_WARN_COMMA = YES;
				CLANG_WARN_CONSTANT_CONVERSION = YES;
				CLANG_WARN_DEPRECATED_OBJC_IMPLEMENTATIONS = YES;
				CLANG_WARN_DIRECT_OBJC_ISA_USAGE = YES_ERROR;
				CLANG_WARN_DOCUMENTATION_COMMENTS = YES;
				CLANG_WARN_EMPTY_BODY = YES;
				CLANG_WARN_ENUM_CONVERSION = YES;
				CLANG_WARN_INFINITE_RECURSION = YES;
				CLANG_WARN_INT_CONVERSION = YES;
				CLANG_WARN_NON_LITERAL_NULL_CONVERSION = YES;
				CLANG_WARN_OBJC_IMPLICIT_RETAIN_SELF = YES;
				CLANG_WARN_OBJC_LITERAL_CONVERSION = YES;
				CLANG_WARN_OBJC_ROOT_CLASS = YES_ERROR;
				CLANG_WARN_RANGE_LOOP_ANALYSIS = YES;
				CLANG_WARN_STRICT_PROTOTYPES = YES;
				CLANG_WARN_SUSPICIOUS_MOVE = YES;
				CLANG_WARN_UNGUARDED_AVAILABILITY = YES_AGGRESSIVE;
				CLANG_WARN_UNREACHABLE_CODE = YES;
				CLANG_WARN__DUPLICATE_METHOD_MATCH = YES;
				COPY_PHASE_STRIP = NO;
				DEBUG_INFORMATION_FORMAT = dwarf;
				ENABLE_STRICT_OBJC_MSGSEND = YES;
				ENABLE_TESTABILITY = YES;
				GCC_C_LANGUAGE_STANDARD = gnu11;
				GCC_DYNAMIC_NO_PIC = NO;
				GCC_NO_COMMON_BLOCKS = YES;
				GCC_OPTIMIZATION_LEVEL = 0;
				GCC_PREPROCESSOR_DEFINITIONS = (
					"DEBUG=1",
					"$(inherited)",
				);
				GCC_WARN_64_TO_32_BIT_CONVERSION = YES;
				GCC_WARN_ABOUT_RETURN_TYPE = YES_ERROR;
				GCC_WARN_UNDECLARED_SELECTOR = YES;
				GCC_WARN_UNINITIALIZED_AUTOS = YES_AGGRESSIVE;
				GCC_WARN_UNUSED_FUNCTION = YES;
				GCC_WARN_UNUSED_VARIABLE = YES;
				IPHONEOS_DEPLOYMENT_TARGET = 13.2;
				MTL_ENABLE_DEBUG_INFO = INCLUDE_SOURCE;
				MTL_FAST_MATH = YES;
				ONLY_ACTIVE_ARCH = YES;
				SDKROOT = iphoneos;
				SWIFT_ACTIVE_COMPILATION_CONDITIONS = DEBUG;
				SWIFT_OPTIMIZATION_LEVEL = "-Onone";
			};
			name = Debug;
		};
		FF4E819423BC9A9A0080A2CC /* Release */ = {
			isa = XCBuildConfiguration;
			buildSettings = {
				ALWAYS_SEARCH_USER_PATHS = NO;
				CLANG_ANALYZER_NONNULL = YES;
				CLANG_ANALYZER_NUMBER_OBJECT_CONVERSION = YES_AGGRESSIVE;
				CLANG_CXX_LANGUAGE_STANDARD = "gnu++14";
				CLANG_CXX_LIBRARY = "libc++";
				CLANG_ENABLE_MODULES = YES;
				CLANG_ENABLE_OBJC_ARC = YES;
				CLANG_ENABLE_OBJC_WEAK = YES;
				CLANG_WARN_BLOCK_CAPTURE_AUTORELEASING = YES;
				CLANG_WARN_BOOL_CONVERSION = YES;
				CLANG_WARN_COMMA = YES;
				CLANG_WARN_CONSTANT_CONVERSION = YES;
				CLANG_WARN_DEPRECATED_OBJC_IMPLEMENTATIONS = YES;
				CLANG_WARN_DIRECT_OBJC_ISA_USAGE = YES_ERROR;
				CLANG_WARN_DOCUMENTATION_COMMENTS = YES;
				CLANG_WARN_EMPTY_BODY = YES;
				CLANG_WARN_ENUM_CONVERSION = YES;
				CLANG_WARN_INFINITE_RECURSION = YES;
				CLANG_WARN_INT_CONVERSION = YES;
				CLANG_WARN_NON_LITERAL_NULL_CONVERSION = YES;
				CLANG_WARN_OBJC_IMPLICIT_RETAIN_SELF = YES;
				CLANG_WARN_OBJC_LITERAL_CONVERSION = YES;
				CLANG_WARN_OBJC_ROOT_CLASS = YES_ERROR;
				CLANG_WARN_RANGE_LOOP_ANALYSIS = YES;
				CLANG_WARN_STRICT_PROTOTYPES = YES;
				CLANG_WARN_SUSPICIOUS_MOVE = YES;
				CLANG_WARN_UNGUARDED_AVAILABILITY = YES_AGGRESSIVE;
				CLANG_WARN_UNREACHABLE_CODE = YES;
				CLANG_WARN__DUPLICATE_METHOD_MATCH = YES;
				COPY_PHASE_STRIP = NO;
				DEBUG_INFORMATION_FORMAT = "dwarf-with-dsym";
				ENABLE_NS_ASSERTIONS = NO;
				ENABLE_STRICT_OBJC_MSGSEND = YES;
				GCC_C_LANGUAGE_STANDARD = gnu11;
				GCC_NO_COMMON_BLOCKS = YES;
				GCC_WARN_64_TO_32_BIT_CONVERSION = YES;
				GCC_WARN_ABOUT_RETURN_TYPE = YES_ERROR;
				GCC_WARN_UNDECLARED_SELECTOR = YES;
				GCC_WARN_UNINITIALIZED_AUTOS = YES_AGGRESSIVE;
				GCC_WARN_UNUSED_FUNCTION = YES;
				GCC_WARN_UNUSED_VARIABLE = YES;
				IPHONEOS_DEPLOYMENT_TARGET = 13.2;
				MTL_ENABLE_DEBUG_INFO = NO;
				MTL_FAST_MATH = YES;
				SDKROOT = iphoneos;
				SWIFT_COMPILATION_MODE = wholemodule;
				SWIFT_OPTIMIZATION_LEVEL = "-O";
				VALIDATE_PRODUCT = YES;
			};
			name = Release;
		};
		FF4E819623BC9A9A0080A2CC /* Debug */ = {
			isa = XCBuildConfiguration;
			buildSettings = {
				ASSETCATALOG_COMPILER_APPICON_NAME = AppIcon;
				CODE_SIGN_STYLE = Automatic;
				DEVELOPMENT_TEAM = 4JWUSF25X2;
				INFOPLIST_FILE = "Side Menu/Info.plist";
				LD_RUNPATH_SEARCH_PATHS = (
					"$(inherited)",
					"@executable_path/Frameworks",
				);
				PRODUCT_BUNDLE_IDENTIFIER = "com.fahimrahman.Side-Menu";
				PRODUCT_NAME = "$(TARGET_NAME)";
				SWIFT_VERSION = 5.0;
				TARGETED_DEVICE_FAMILY = 1;
			};
			name = Debug;
		};
		FF4E819723BC9A9A0080A2CC /* Release */ = {
			isa = XCBuildConfiguration;
			buildSettings = {
				ASSETCATALOG_COMPILER_APPICON_NAME = AppIcon;
				CODE_SIGN_STYLE = Automatic;
				DEVELOPMENT_TEAM = 4JWUSF25X2;
				INFOPLIST_FILE = "Side Menu/Info.plist";
				LD_RUNPATH_SEARCH_PATHS = (
					"$(inherited)",
					"@executable_path/Frameworks",
				);
				PRODUCT_BUNDLE_IDENTIFIER = "com.fahimrahman.Side-Menu";
				PRODUCT_NAME = "$(TARGET_NAME)";
				SWIFT_VERSION = 5.0;
				TARGETED_DEVICE_FAMILY = 1;
			};
			name = Release;
		};
/* End XCBuildConfiguration section */

/* Begin XCConfigurationList section */
		FF4E817C23BC9A990080A2CC /* Build configuration list for PBXProject "Side Menu" */ = {
			isa = XCConfigurationList;
			buildConfigurations = (
				FF4E819323BC9A9A0080A2CC /* Debug */,
				FF4E819423BC9A9A0080A2CC /* Release */,
			);
			defaultConfigurationIsVisible = 0;
			defaultConfigurationName = Release;
		};
		FF4E819523BC9A9A0080A2CC /* Build configuration list for PBXNativeTarget "Side Menu" */ = {
			isa = XCConfigurationList;
			buildConfigurations = (
				FF4E819623BC9A9A0080A2CC /* Debug */,
				FF4E819723BC9A9A0080A2CC /* Release */,
			);
			defaultConfigurationIsVisible = 0;
			defaultConfigurationName = Release;
		};
/* End XCConfigurationList section */
	};
	rootObject = FF4E817923BC9A990080A2CC /* Project object */;
}
